
Microsoft Visual Studio Solution File, Format Version 12.00
# Visual Studio Version 17
VisualStudioVersion = 17.2.32519.379
MinimumVisualStudioVersion = 10.0.40219.1
Project("{FAE04EC0-301F-11D3-BF4B-00C04F79EFBC}") = "Aula6.Fiap", "Aula6.Fiap\Aula6.Fiap.csproj", "{14118988-B093-45BB-8C3E-99F3C0DD4B7E}"
EndProject
Project("{FAE04EC0-301F-11D3-BF4B-00C04F79EFBC}") = "Aula6.Fiap.Ex2", "Aula6.Fiap.Ex2\Aula6.Fiap.Ex2.csproj", "{99D8A982-FF44-4196-82C2-C6640B9D380E}"
EndProject
Project("{FAE04EC0-301F-11D3-BF4B-00C04F79EFBC}") = "Aula6.Fiap.Ex3", "Aula6.Fiap.Ex3\Aula6.Fiap.Ex3.csproj", "{7A2C540B-4785-43E5-A4D1-1F7F5AF06969}"
EndProject
Project("{FAE04EC0-301F-11D3-BF4B-00C04F79EFBC}") = "Aula6.Fiap.Ex4", "Aula6.Fiap.Ex4\Aula6.Fiap.Ex4.csproj", "{104110D5-092B-4CBF-8DE0-964274358D94}"
EndProject
Global
	GlobalSection(SolutionConfigurationPlatforms) = preSolution
		Debug|Any CPU = Debug|Any CPU
		Release|Any CPU = Release|Any CPU
	EndGlobalSection
	GlobalSection(ProjectConfigurationPlatforms) = postSolution
		{14118988-B093-45BB-8C3E-99F3C0DD4B7E}.Debug|Any CPU.ActiveCfg = Debug|Any CPU
		{14118988-B093-45BB-8C3E-99F3C0DD4B7E}.Debug|Any CPU.Build.0 = Debug|Any CPU
		{14118988-B093-45BB-8C3E-99F3C0DD4B7E}.Release|Any CPU.ActiveCfg = Release|Any CPU
		{14118988-B093-45BB-8C3E-99F3C0DD4B7E}.Release|Any CPU.Build.0 = Release|Any CPU
		{99D8A982-FF44-4196-82C2-C6640B9D380E}.Debug|Any CPU.ActiveCfg = Debug|Any CPU
		{99D8A982-FF44-4196-82C2-C6640B9D380E}.Debug|Any CPU.Build.0 = Debug|Any CPU
		{99D8A982-FF44-4196-82C2-C6640B9D380E}.Release|Any CPU.ActiveCfg = Release|Any CPU
		{99D8A982-FF44-4196-82C2-C6640B9D380E}.Release|Any CPU.Build.0 = Release|Any CPU
		{7A2C540B-4785-43E5-A4D1-1F7F5AF06969}.Debug|Any CPU.ActiveCfg = Debug|Any CPU
		{7A2C540B-4785-43E5-A4D1-1F7F5AF06969}.Debug|Any CPU.Build.0 = Debug|Any CPU
		{7A2C540B-4785-43E5-A4D1-1F7F5AF06969}.Release|Any CPU.ActiveCfg = Release|Any CPU
		{7A2C540B-4785-43E5-A4D1-1F7F5AF06969}.Release|Any CPU.Build.0 = Release|Any CPU
		{104110D5-092B-4CBF-8DE0-964274358D94}.Debug|Any CPU.ActiveCfg = Debug|Any CPU
		{104110D5-092B-4CBF-8DE0-964274358D94}.Debug|Any CPU.Build.0 = Debug|Any CPU
		{104110D5-092B-4CBF-8DE0-964274358D94}.Release|Any CPU.ActiveCfg = Release|Any CPU
		{104110D5-092B-4CBF-8DE0-964274358D94}.Release|Any CPU.Build.0 = Release|Any CPU
	EndGlobalSection
	GlobalSection(SolutionProperties) = preSolution
		HideSolutionNode = FALSE
	EndGlobalSection
	GlobalSection(ExtensibilityGlobals) = postSolution
		SolutionGuid = {401B7EBC-81B3-4B25-81B7-C1F818D2B4FF}
	EndGlobalSection
EndGlobal
